
Microsoft Visual Studio Solution File, Format Version 12.00
# Visual Studio Version 16
VisualStudioVersion = 16.0.30114.105
MinimumVisualStudioVersion = 10.0.40219.1
Project("{FAE04EC0-301F-11D3-BF4B-00C04F79EFBC}") = "SwaggerTutorial.Server", "SwaggerTutorial\Server\SwaggerTutorial.Server.csproj", "{B42ED598-8532-4020-A101-4B3F9A3724B4}"
EndProject
Project("{FAE04EC0-301F-11D3-BF4B-00C04F79EFBC}") = "SwaggerTutorial.Client", "SwaggerTutorial\Client\SwaggerTutorial.Client.csproj", "{DC16E073-49F9-4C65-889F-8AEC313BEA9B}"
EndProject
Project("{FAE04EC0-301F-11D3-BF4B-00C04F79EFBC}") = "SwaggerTutorial.Shared", "SwaggerTutorial\Shared\SwaggerTutorial.Shared.csproj", "{BEAC409E-503F-42E2-AC51-90C69187CDC4}"
EndProject
Global
	GlobalSection(SolutionConfigurationPlatforms) = preSolution
		Debug|Any CPU = Debug|Any CPU
		Release|Any CPU = Release|Any CPU
	EndGlobalSection
	GlobalSection(ProjectConfigurationPlatforms) = postSolution
		{B42ED598-8532-4020-A101-4B3F9A3724B4}.Debug|Any CPU.ActiveCfg = Debug|Any CPU
		{B42ED598-8532-4020-A101-4B3F9A3724B4}.Debug|Any CPU.Build.0 = Debug|Any CPU
		{B42ED598-8532-4020-A101-4B3F9A3724B4}.Release|Any CPU.ActiveCfg = Release|Any CPU
		{B42ED598-8532-4020-A101-4B3F9A3724B4}.Release|Any CPU.Build.0 = Release|Any CPU
		{DC16E073-49F9-4C65-889F-8AEC313BEA9B}.Debug|Any CPU.ActiveCfg = Debug|Any CPU
		{DC16E073-49F9-4C65-889F-8AEC313BEA9B}.Debug|Any CPU.Build.0 = Debug|Any CPU
		{DC16E073-49F9-4C65-889F-8AEC313BEA9B}.Release|Any CPU.ActiveCfg = Release|Any CPU
		{DC16E073-49F9-4C65-889F-8AEC313BEA9B}.Release|Any CPU.Build.0 = Release|Any CPU
		{BEAC409E-503F-42E2-AC51-90C69187CDC4}.Debug|Any CPU.ActiveCfg = Debug|Any CPU
		{BEAC409E-503F-42E2-AC51-90C69187CDC4}.Debug|Any CPU.Build.0 = Debug|Any CPU
		{BEAC409E-503F-42E2-AC51-90C69187CDC4}.Release|Any CPU.ActiveCfg = Release|Any CPU
		{BEAC409E-503F-42E2-AC51-90C69187CDC4}.Release|Any CPU.Build.0 = Release|Any CPU
	EndGlobalSection
	GlobalSection(SolutionProperties) = preSolution
		HideSolutionNode = FALSE
	EndGlobalSection
	GlobalSection(ExtensibilityGlobals) = postSolution
		SolutionGuid = {DE8929A6-8A35-4995-958A-6B61B4CC4F3A}
	EndGlobalSection
EndGlobal
